<?xml version="1.0" encoding="UTF-8" standalone="yes" ?>
<CodeBlocks_project_file>
	<FileVersion major="1" minor="6" />
	<Project>
		<Option title="prototype HTM" />
		<Option pch_mode="2" />
		<Option compiler="gcc" />
		<Build>
			<Target title="Debug">
				<Option output="prototype HTM" prefix_auto="1" extension_auto="1" />
				<Option object_output="obj/Debug/" />
				<Option type="1" />
				<Option compiler="gcc" />
				<Compiler>
					<Add option="-g" />
				</Compiler>
			</Target>
			<Target title="Release">
				<Option output="bin/Release/prototype HTM" prefix_auto="1" extension_auto="1" />
				<Option object_output="obj/Release/" />
				<Option type="1" />
				<Option compiler="gcc" />
				<Compiler>
					<Add option="-O2" />
				</Compiler>
				<Linker>
					<Add option="-s" />
				</Linker>
			</Target>
		</Build>
		<Compiler>
			<Add option="-Wall" />
		</Compiler>
		<Unit filename="Info_miniere.c">
			<Option compilerVar="CC" />
		</Unit>
		<Unit filename="Info_miniere.h" />
		<Unit filename="Menu debut.h" />
		<Unit filename="Menu_demarage.c">
			<Option compilerVar="CC" />
		</Unit>
		<Unit filename="Menu_demarage.h" />
		<Unit filename="Site_pool.c">
			<Option compilerVar="CC" />
		</Unit>
		<Unit filename="Site_pool.h" />
		<Unit filename="identite.h" />
		<Unit filename="main.c">
			<Option compilerVar="CC" />
		</Unit>
		<Unit filename="menu debut.c">
			<Option compilerVar="CC" />
		</Unit>
		<Unit filename="minage.c">
			<Option compilerVar="CC" />
		</Unit>
		<Unit filename="minage.h" />
		<Unit filename="minage_coins.c">
			<Option compilerVar="CC" />
		</Unit>
		<Unit filename="pool.c">
			<Option compilerVar="CC" />
		</Unit>
		<Unit filename="pool.h" />
		<Unit filename="prerequis.c">
			<Option compilerVar="CC" />
		</Unit>
		<Unit filename="prerequis.h" />
		<Extensions>
			<lib_finder disable_auto="1" />
		</Extensions>
	</Project>
</CodeBlocks_project_file>
